
Microsoft Visual Studio Solution File, Format Version 12.00
# Visual Studio Version 17
VisualStudioVersion = 17.10.35027.167
MinimumVisualStudioVersion = 10.0.40219.1
Project("{9A19103F-16F7-4668-BE54-9A1E7A4F7556}") = "mymvcapp", "mymvcapp.csproj", "{85C76238-69E5-4CEB-92C3-E570B264329B}"
EndProject
Project("{9A19103F-16F7-4668-BE54-9A1E7A4F7556}") = "CoreIdentitySecurity", "..\CoreIdentitySecurity\CoreIdentitySecurity.csproj", "{FCEFFA23-4A86-4CEC-AEA0-BBEA33BC4C39}"
EndProject
Project("{9A19103F-16F7-4668-BE54-9A1E7A4F7556}") = "AspNetCoreWebAPIProject", "..\AspNetCoreWebAPIProject\AspNetCoreWebAPIProject.csproj", "{B6AE8B90-0FEC-4C23-85FC-D4EC84045AE1}"
EndProject
Project("{FAE04EC0-301F-11D3-BF4B-00C04F79EFBC}") = "blog", "..\blog\blog.csproj", "{FF81A5E3-FAB4-4D46-92CD-604021078DEC}"
EndProject
Project("{FAE04EC0-301F-11D3-BF4B-00C04F79EFBC}") = "blog2", "..\blog2\blog2.csproj", "{A5955683-20D6-4E86-97CA-7BBF8DEE7CFA}"
EndProject
Project("{FAE04EC0-301F-11D3-BF4B-00C04F79EFBC}") = "blog3", "..\blog3\blog3.csproj", "{8FD6CAD4-381B-4D8C-B473-25D11835E420}"
EndProject
Global
	GlobalSection(SolutionConfigurationPlatforms) = preSolution
		Debug|Any CPU = Debug|Any CPU
		Release|Any CPU = Release|Any CPU
	EndGlobalSection
	GlobalSection(ProjectConfigurationPlatforms) = postSolution
		{85C76238-69E5-4CEB-92C3-E570B264329B}.Debug|Any CPU.ActiveCfg = Debug|Any CPU
		{85C76238-69E5-4CEB-92C3-E570B264329B}.Debug|Any CPU.Build.0 = Debug|Any CPU
		{85C76238-69E5-4CEB-92C3-E570B264329B}.Release|Any CPU.ActiveCfg = Release|Any CPU
		{85C76238-69E5-4CEB-92C3-E570B264329B}.Release|Any CPU.Build.0 = Release|Any CPU
		{FCEFFA23-4A86-4CEC-AEA0-BBEA33BC4C39}.Debug|Any CPU.ActiveCfg = Debug|Any CPU
		{FCEFFA23-4A86-4CEC-AEA0-BBEA33BC4C39}.Debug|Any CPU.Build.0 = Debug|Any CPU
		{FCEFFA23-4A86-4CEC-AEA0-BBEA33BC4C39}.Release|Any CPU.ActiveCfg = Release|Any CPU
		{FCEFFA23-4A86-4CEC-AEA0-BBEA33BC4C39}.Release|Any CPU.Build.0 = Release|Any CPU
		{B6AE8B90-0FEC-4C23-85FC-D4EC84045AE1}.Debug|Any CPU.ActiveCfg = Debug|Any CPU
		{B6AE8B90-0FEC-4C23-85FC-D4EC84045AE1}.Debug|Any CPU.Build.0 = Debug|Any CPU
		{B6AE8B90-0FEC-4C23-85FC-D4EC84045AE1}.Release|Any CPU.ActiveCfg = Release|Any CPU
		{B6AE8B90-0FEC-4C23-85FC-D4EC84045AE1}.Release|Any CPU.Build.0 = Release|Any CPU
		{FF81A5E3-FAB4-4D46-92CD-604021078DEC}.Debug|Any CPU.ActiveCfg = Debug|Any CPU
		{FF81A5E3-FAB4-4D46-92CD-604021078DEC}.Debug|Any CPU.Build.0 = Debug|Any CPU
		{FF81A5E3-FAB4-4D46-92CD-604021078DEC}.Release|Any CPU.ActiveCfg = Release|Any CPU
		{FF81A5E3-FAB4-4D46-92CD-604021078DEC}.Release|Any CPU.Build.0 = Release|Any CPU
		{A5955683-20D6-4E86-97CA-7BBF8DEE7CFA}.Debug|Any CPU.ActiveCfg = Debug|Any CPU
		{A5955683-20D6-4E86-97CA-7BBF8DEE7CFA}.Debug|Any CPU.Build.0 = Debug|Any CPU
		{A5955683-20D6-4E86-97CA-7BBF8DEE7CFA}.Release|Any CPU.ActiveCfg = Release|Any CPU
		{A5955683-20D6-4E86-97CA-7BBF8DEE7CFA}.Release|Any CPU.Build.0 = Release|Any CPU
		{8FD6CAD4-381B-4D8C-B473-25D11835E420}.Debug|Any CPU.ActiveCfg = Debug|Any CPU
		{8FD6CAD4-381B-4D8C-B473-25D11835E420}.Debug|Any CPU.Build.0 = Debug|Any CPU
		{8FD6CAD4-381B-4D8C-B473-25D11835E420}.Release|Any CPU.ActiveCfg = Release|Any CPU
		{8FD6CAD4-381B-4D8C-B473-25D11835E420}.Release|Any CPU.Build.0 = Release|Any CPU
	EndGlobalSection
	GlobalSection(SolutionProperties) = preSolution
		HideSolutionNode = FALSE
	EndGlobalSection
	GlobalSection(ExtensibilityGlobals) = postSolution
		SolutionGuid = {3049D1C6-D2EE-451D-9AAA-45FD5CB61091}
	EndGlobalSection
EndGlobal
